
Microsoft Visual Studio Solution File, Format Version 12.00
# Visual Studio Version 17
VisualStudioVersion = 17.1.32210.238
MinimumVisualStudioVersion = 10.0.40219.1
Project("{FAE04EC0-301F-11D3-BF4B-00C04F79EFBC}") = "ConsoleTask", "ConsoleTask\ConsoleTask.csproj", "{18459BAF-4819-49AD-8F69-E204DFCB3DD6}"
EndProject
Global
	GlobalSection(SolutionConfigurationPlatforms) = preSolution
		Debug|Any CPU = Debug|Any CPU
		Release|Any CPU = Release|Any CPU
	EndGlobalSection
	GlobalSection(ProjectConfigurationPlatforms) = postSolution
		{18459BAF-4819-49AD-8F69-E204DFCB3DD6}.Debug|Any CPU.ActiveCfg = Debug|Any CPU
		{18459BAF-4819-49AD-8F69-E204DFCB3DD6}.Debug|Any CPU.Build.0 = Debug|Any CPU
		{18459BAF-4819-49AD-8F69-E204DFCB3DD6}.Release|Any CPU.ActiveCfg = Release|Any CPU
		{18459BAF-4819-49AD-8F69-E204DFCB3DD6}.Release|Any CPU.Build.0 = Release|Any CPU
	EndGlobalSection
	GlobalSection(SolutionProperties) = preSolution
		HideSolutionNode = FALSE
	EndGlobalSection
	GlobalSection(ExtensibilityGlobals) = postSolution
		SolutionGuid = {DB2FF25B-107E-4583-86CA-92063AA109DE}
	EndGlobalSection
EndGlobal
